
Microsoft Visual Studio Solution File, Format Version 12.00
# Visual Studio Version 17
VisualStudioVersion = 17.7.34009.444
MinimumVisualStudioVersion = 10.0.40219.1
Project("{FAE04EC0-301F-11D3-BF4B-00C04F79EFBC}") = "game-matching", "game-matching\game-matching.csproj", "{92D2E6BB-B6A2-436C-A70B-4127E7B5E95D}"
EndProject
Global
	GlobalSection(SolutionConfigurationPlatforms) = preSolution
		Debug|Any CPU = Debug|Any CPU
		Release|Any CPU = Release|Any CPU
	EndGlobalSection
	GlobalSection(ProjectConfigurationPlatforms) = postSolution
		{92D2E6BB-B6A2-436C-A70B-4127E7B5E95D}.Debug|Any CPU.ActiveCfg = Debug|Any CPU
		{92D2E6BB-B6A2-436C-A70B-4127E7B5E95D}.Debug|Any CPU.Build.0 = Debug|Any CPU
		{92D2E6BB-B6A2-436C-A70B-4127E7B5E95D}.Release|Any CPU.ActiveCfg = Release|Any CPU
		{92D2E6BB-B6A2-436C-A70B-4127E7B5E95D}.Release|Any CPU.Build.0 = Release|Any CPU
	EndGlobalSection
	GlobalSection(SolutionProperties) = preSolution
		HideSolutionNode = FALSE
	EndGlobalSection
	GlobalSection(ExtensibilityGlobals) = postSolution
		SolutionGuid = {2FE11566-B34B-4CB3-A52F-17BA003ACB27}
	EndGlobalSection
EndGlobal
